
Microsoft Visual Studio Solution File, Format Version 12.00
# Visual Studio Version 16
VisualStudioVersion = 16.0.29613.14
MinimumVisualStudioVersion = 10.0.40219.1
Project("{FAE04EC0-301F-11D3-BF4B-00C04F79EFBC}") = "BDP_Updater", "BDP_Updater\BDP_Updater.csproj", "{54BE61BB-872B-42CA-B8CE-41DAADD3B609}"
EndProject
Global
	GlobalSection(SolutionConfigurationPlatforms) = preSolution
		Debug|Any CPU = Debug|Any CPU
		Release|Any CPU = Release|Any CPU
	EndGlobalSection
	GlobalSection(ProjectConfigurationPlatforms) = postSolution
		{54BE61BB-872B-42CA-B8CE-41DAADD3B609}.Debug|Any CPU.ActiveCfg = Debug|Any CPU
		{54BE61BB-872B-42CA-B8CE-41DAADD3B609}.Debug|Any CPU.Build.0 = Debug|Any CPU
		{54BE61BB-872B-42CA-B8CE-41DAADD3B609}.Release|Any CPU.ActiveCfg = Release|Any CPU
		{54BE61BB-872B-42CA-B8CE-41DAADD3B609}.Release|Any CPU.Build.0 = Release|Any CPU
	EndGlobalSection
	GlobalSection(SolutionProperties) = preSolution
		HideSolutionNode = FALSE
	EndGlobalSection
	GlobalSection(ExtensibilityGlobals) = postSolution
		SolutionGuid = {C9E7627D-A2FB-4B70-A6FA-CF7729FB1A62}
	EndGlobalSection
EndGlobal
